{"SurveyEntry":{"SurveyID":"SV_1YYzwhI5hFAReLz","SurveyName":"Classroom Survey 3 Example","SurveyDescription":null,"SurveyOwnerID":"UR_4JCFMnOyDp9u4K1","SurveyBrandID":"duke","DivisionID":null,"SurveyLanguage":"EN","SurveyActiveResponseSet":"RS_8wRbxibNHQs0XDn","SurveyStatus":"Inactive","SurveyStartDate":"0000-00-00 00:00:00","SurveyExpirationDate":"0000-00-00 00:00:00","SurveyCreationDate":"2021-01-12 12:04:02","CreatorID":"UR_4JCFMnOyDp9u4K1","LastModified":"2021-01-19 19:08:48","LastAccessed":"0000-00-00 00:00:00","LastActivated":"0000-00-00 00:00:00","Deleted":null},"SurveyElements":[{"SurveyID":"SV_1YYzwhI5hFAReLz","Element":"BL","PrimaryAttribute":"Survey Blocks","SecondaryAttribute":null,"TertiaryAttribute":null,"Payload":{"1":{"Type":"Trash","Description":"Trash \/ Unused Questions","ID":"BL_3WWg4OBWwSgWx3n","BlockElements":[]},"2":{"Type":"Standard","SubType":"","Description":"Well-being Survey","ID":"BL_2sBVXW5So8bwzqZ","BlockElements":[{"Type":"Question","QuestionID":"QID9"},{"Type":"Page Break"},{"Type":"Question","QuestionID":"QID10"}],"Options":{"BlockLocking":"false","RandomizeQuestions":"false","BlockVisibility":"Collapsed"}},"4":{"Type":"Standard","SubType":"","Description":"Teacher & Student Attributions","ID":"BL_5A8lHldbNepmwL3","BlockElements":[{"Type":"Question","QuestionID":"QID47"},{"Type":"Page Break"},{"Type":"Question","QuestionID":"QID17"},{"Type":"Page Break"},{"Type":"Question","QuestionID":"QID16"},{"Type":"Page Break"},{"Type":"Question","QuestionID":"QID22"},{"Type":"Page Break"},{"Type":"Question","QuestionID":"QID23"},{"Type":"Page Break"}],"Options":{"BlockLocking":"false","RandomizeQuestions":"false","BlockVisibility":"Collapsed"}},"5":{"Type":"Standard","SubType":"","Description":"Previous Intelligence Descriptions and Course Grade Satisfaction","ID":"BL_eXxcP8VvTVBUWd7","BlockElements":[{"Type":"Question","QuestionID":"QID18"},{"Type":"Page Break"},{"Type":"Question","QuestionID":"QID64"},{"Type":"Page Break"},{"Type":"Question","QuestionID":"QID65"},{"Type":"Question","QuestionID":"QID66"}],"Options":{"BlockLocking":"false","RandomizeQuestions":"false","BlockVisibility":"Collapsed"}},"6":{"Type":"Standard","SubType":"","Description":"Theory of Intelligence Scale","ID":"BL_1WSPzQgR4oYTpR3","BlockElements":[{"Type":"Question","QuestionID":"QID25"},{"Type":"Page Break"},{"Type":"Question","QuestionID":"QID26"},{"Type":"Question","QuestionID":"QID27"},{"Type":"Question","QuestionID":"QID28"},{"Type":"Question","QuestionID":"QID29"}],"Options":{"BlockLocking":"false","RandomizeQuestions":"false","BlockVisibility":"Collapsed"}},"7":{"Type":"Standard","SubType":"","Description":"Goodbye","ID":"BL_cPkBbR4l4amomPP","BlockElements":[{"Type":"Question","QuestionID":"QID56"},{"Type":"Question","QuestionID":"QID57"},{"Type":"Question","QuestionID":"QID58"},{"Type":"Question","QuestionID":"QID59"}],"Options":{"BlockLocking":"false","RandomizeQuestions":"false","BlockVisibility":"Collapsed"}},"8":{"Type":"Standard","SubType":"","Description":"Course Engagement","ID":"BL_4GRMwvtoRwC8Mjb","BlockElements":[{"Type":"Question","QuestionID":"QID48"},{"Type":"Question","QuestionID":"QID49"},{"Type":"Question","QuestionID":"QID50"},{"Type":"Question","QuestionID":"QID51"},{"Type":"Question","QuestionID":"QID52"},{"Type":"Question","QuestionID":"QID53"}],"Options":{"BlockLocking":"false","RandomizeQuestions":"false","BlockVisibility":"Collapsed"}},"9":{"Type":"Standard","SubType":"","Description":"Class_instructions","ID":"BL_0lgUpouTLTGw8HX","BlockElements":[{"Type":"Question","QuestionID":"QID55"}],"Options":{"BlockLocking":"false","RandomizeQuestions":"false","BlockVisibility":"Expanded"}},"10":{"Type":"Standard","SubType":"","Description":"Potential","ID":"BL_5dWs9AOZSfY9o3z","BlockElements":[{"Type":"Question","QuestionID":"QID60"},{"Type":"Question","QuestionID":"QID61"},{"Type":"Page Break"},{"Type":"Question","QuestionID":"QID62"},{"Type":"Question","QuestionID":"QID63"}],"Options":{"BlockLocking":"false","RandomizeQuestions":"false","BlockVisibility":"Collapsed"}}}},{"SurveyID":"SV_1YYzwhI5hFAReLz","Element":"FL","PrimaryAttribute":"Survey Flow","SecondaryAttribute":null,"TertiaryAttribute":null,"Payload":{"Type":"Root","FlowID":"FL_1","Flow":[{"Type":"Authenticator","FlowID":"FL_8","FilterDataFields":true,"SSOOptions":{"respondentMap":[{"key":"urn:oid:0.9.2342.19200300.100.1.1","value":"net ID"},{"key":"urn:oid:2.5.4.42","value":"First Name"},{"key":"urn:oid:2.5.4.4","value":"Last Name"},{"key":"urn:oid:0.9.2342.19200300.100.1.3","value":"email address"}],"Type":"Shibboleth","token":{"EncryptionMethod":"3DES","MacMethod":"MD5","Leeway":300},"ldap":{"Hostname":"ldap:\/\/","Port":"389","EmailField":"mail","Filter":"(sAMAccountName=%1)","FirstNameField":"givenname","LastNameField":"sn","ExternalDataReferenceField":""},"UsePanel":"No","CaptureRespondentInfo":"Yes","UseSSO":"Yes","cas":[]},"Options":{"maxAttempts":3,"questionText":{"SystemMessage":{"Section":"ErrorCodes","Message":"EAUTH04"}},"authenticationError":{"SystemMessage":{"Section":"ErrorCodes","Message":"EAUTH02"}},"failedAuthenticationError":{"SystemMessage":{"Section":"ErrorCodes","Message":"EAUTH05"}},"allowRetake":false,"loadExistingSession":false,"reauthenticateSession":false}},{"Type":"EmbeddedData","FlowID":"FL_15","EmbeddedData":[{"Description":"netID","Type":"Recipient","Field":"netID","VariableType":"String","DataVisibility":[],"AnalyzeText":false},{"Description":"whyYouIntelligent","Type":"Recipient","Field":"whyYouIntelligent","VariableType":"String","DataVisibility":[],"AnalyzeText":false},{"Description":"whatMadeYouIntelligent","Type":"Recipient","Field":"whatMadeYouIntelligent","VariableType":"String","DataVisibility":[],"AnalyzeText":false},{"Description":"whycourse","Type":"Recipient","Field":"whycourse","VariableType":"String","DataVisibility":[],"AnalyzeText":false},{"Description":"goalscourse","Type":"Recipient","Field":"goalscourse","VariableType":"String","DataVisibility":[],"AnalyzeText":false},{"Description":"gradegoals","Type":"Recipient","Field":"gradegoals","VariableType":"String","DataVisibility":[],"AnalyzeText":false}]},{"Type":"Standard","ID":"BL_0lgUpouTLTGw8HX","FlowID":"FL_17"},{"Type":"Standard","ID":"BL_4GRMwvtoRwC8Mjb","FlowID":"FL_16"},{"Type":"Standard","ID":"BL_2sBVXW5So8bwzqZ","FlowID":"FL_3"},{"Type":"Standard","ID":"BL_5A8lHldbNepmwL3","FlowID":"FL_5"},{"Type":"BlockRandomizer","FlowID":"FL_13","SubSet":3,"EvenPresentation":true,"Flow":[{"Type":"Standard","ID":"BL_eXxcP8VvTVBUWd7","FlowID":"FL_6"},{"Type":"Standard","ID":"BL_1WSPzQgR4oYTpR3","FlowID":"FL_10"},{"Type":"Standard","ID":"BL_5dWs9AOZSfY9o3z","FlowID":"FL_18"}]},{"Type":"WebService","FlowID":"FL_12","URL":"http:\/\/reporting.qualtrics.com\/projects\/randomNumGen.php","Method":"GET","RequestParams":[{"key":"min","value":"1000"},{"key":"max","value":"10000000"}],"EditBodyParams":[],"Body":[],"ContentType":"application\/x-www-form-urlencoded","Headers":[],"ResponseMap":[{"key":"random","value":"code"}],"FireAndForget":false,"SchemaVersion":0,"StringifyValues":true},{"Type":"Standard","ID":"BL_cPkBbR4l4amomPP","FlowID":"FL_11"}],"Properties":{"Count":18,"RemovedFieldsets":[]}}},{"SurveyID":"SV_1YYzwhI5hFAReLz","Element":"RS","PrimaryAttribute":"RS_8wRbxibNHQs0XDn","SecondaryAttribute":null,"TertiaryAttribute":null,"Payload":null},{"SurveyID":"SV_1YYzwhI5hFAReLz","Element":"SO","PrimaryAttribute":"Survey Options","SecondaryAttribute":null,"TertiaryAttribute":null,"Payload":{"BackButton":"false","SaveAndContinue":"true","SurveyProtection":"PublicSurvey","BallotBoxStuffingPrevention":"false","NoIndex":"Yes","SecureResponseFiles":"true","SurveyExpiration":"None","SurveyTermination":"DefaultMessage","Header":"","Footer":"","ProgressBarDisplay":"None","PartialData":"+1 week","ValidationMessage":"","PreviousButton":" \u2190 ","NextButton":" \u2192 ","SkinLibrary":"duke","SkinType":"MQ","Skin":"standard_responsive","NewScoring":1,"ProtectSelectionIds":true,"SurveyTitle":"Online Survey Software | Qualtrics Survey Solutions","SurveyName":"Classroom Survey 3 Example"}},{"SurveyID":"SV_1YYzwhI5hFAReLz","Element":"SCO","PrimaryAttribute":"Scoring","SecondaryAttribute":null,"TertiaryAttribute":null,"Payload":{"ScoringCategories":[],"ScoringCategoryGroups":[],"ScoringSummaryCategory":null,"ScoringSummaryAfterQuestions":0,"ScoringSummaryAfterSurvey":0,"DefaultScoringCategory":null,"AutoScoringCategory":null}},{"SurveyID":"SV_1YYzwhI5hFAReLz","Element":"PROJ","PrimaryAttribute":"CORE","SecondaryAttribute":null,"TertiaryAttribute":"1.1.0","Payload":{"ProjectCategory":"CORE","SchemaVersion":"1.1.0"}},{"SurveyID":"SV_1YYzwhI5hFAReLz","Element":"STAT","PrimaryAttribute":"Survey Statistics","SecondaryAttribute":null,"TertiaryAttribute":null,"Payload":{"MobileCompatible":false,"ID":"Survey Statistics"}},{"SurveyID":"SV_1YYzwhI5hFAReLz","Element":"QC","PrimaryAttribute":"Survey Question Count","SecondaryAttribute":"66","TertiaryAttribute":null,"Payload":null},{"SurveyID":"SV_1YYzwhI5hFAReLz","Element":"SQ","PrimaryAttribute":"QID63","SecondaryAttribute":"Briefly explain your rating above:","TertiaryAttribute":null,"Payload":{"QuestionText":"Briefly explain your rating above:","DefaultChoices":false,"DataExportTag":"explainpotential","QuestionType":"TE","Selector":"ML","DataVisibility":{"Private":false,"Hidden":false},"Configuration":{"QuestionDescriptionOption":"UseText"},"QuestionDescription":"Briefly explain your rating above:","Validation":{"Settings":{"ForceResponse":"OFF","ForceResponseType":"ON","Type":"None"}},"GradingData":[],"Language":[],"NextChoiceId":4,"NextAnswerId":1,"SearchSource":{"AllowFreeResponse":"false"},"QuestionID":"QID63"}},{"SurveyID":"SV_1YYzwhI5hFAReLz","Element":"SQ","PrimaryAttribute":"QID62","SecondaryAttribute":"Do you believe that almost all people have the potential to become extraordinary [profession], or...","TertiaryAttribute":null,"Payload":{"QuestionText":"<div><span style=\"color:#000000;\">Do you believe that almost all people have the potential to become <b>extraordinary [profession]<\/b>, or that only some people have the potential to become <b>extraordinary [profession]?<\/b><\/span><\/div>","DefaultChoices":false,"DataExportTag":"potentialsubj","QuestionType":"Slider","Selector":"HSLIDER","DataVisibility":{"Private":false,"Hidden":false},"Configuration":{"QuestionDescriptionOption":"UseText","CSSliderMin":1,"CSSliderMax":20,"GridLines":10,"SnapToGrid":false,"NumDecimals":"0","ShowValue":true,"CustomStart":true,"SliderStartPositions":{"1":0.1398601398601398704268916617365903221070766448974609375},"NotApplicable":false,"CenterLabels":true,"MobileFirst":true},"QuestionDescription":"Do you believe that almost all people have the potential to become extraordinary [profession], or...","Choices":{"1":{"Display":"Indicate your choice"}},"ChoiceOrder":["1"],"Validation":{"Settings":{"ForceResponse":"RequestResponse","ForceResponseType":"RequestResponse","Type":"None"}},"GradingData":[],"Language":[],"NextChoiceId":11,"NextAnswerId":15,"Labels":{"8":{"Display":"1 = almost all people have the potential to become extraordinary [profession].<br \/>\n&nbsp;"},"14":{"Display":"20 = only some people have the potential to become extraordinary [profession].<br \/>\n&nbsp;"}},"QuestionID":"QID62"}},{"SurveyID":"SV_1YYzwhI5hFAReLz","Element":"SQ","PrimaryAttribute":"QID61","SecondaryAttribute":"Do you believe that almost all people have the potential to become highly intelligent, or that on...","TertiaryAttribute":null,"Payload":{"QuestionText":"<div><span style=\"color:#000000;\">Do you believe that almost all people have the potential to become <b>highly intelligent<\/b>, or that only some people have the potential to become highly intelligent?<\/span><\/div>\n\n<div>&nbsp;<\/div>\n\n<div><span style=\"color:#000000;\">For this question, we define \"becoming highly intelligent\" as attaining the capacity to acquire knowledge and skills at the highest level possible, for example attaining the knowledge and skills of a Nobel Prize winner.<\/span><\/div><div><br><\/div>","DefaultChoices":false,"DataExportTag":"potentialintelli","QuestionType":"Slider","Selector":"HSLIDER","DataVisibility":{"Private":false,"Hidden":false},"Configuration":{"QuestionDescriptionOption":"UseText","CSSliderMin":1,"CSSliderMax":20,"GridLines":10,"SnapToGrid":false,"NumDecimals":"0","ShowValue":true,"CustomStart":true,"SliderStartPositions":{"1":0.1398601398601398704268916617365903221070766448974609375},"NotApplicable":false,"CenterLabels":true,"MobileFirst":true},"QuestionDescription":"Do you believe that almost all people have the potential to become highly intelligent, or that on...","Choices":{"1":{"Display":"Indicate your choice"}},"ChoiceOrder":["1"],"Validation":{"Settings":{"ForceResponse":"RequestResponse","ForceResponseType":"RequestResponse","Type":"None"}},"GradingData":[],"Language":[],"NextChoiceId":11,"NextAnswerId":15,"Labels":{"8":{"Display":"1 = almost all people have the potential to become highly intelligent.<br \/>\n&nbsp;"},"14":{"Display":"20 = only some people have the potential to become highly intelligent<br \/>\n&nbsp;"}},"QuestionID":"QID61"}},{"SurveyID":"SV_1YYzwhI5hFAReLz","Element":"SQ","PrimaryAttribute":"QID17","SecondaryAttribute":"From your perspective, how much responsibility did DRS. [professor] ACTUALLY have for your learni...","TertiaryAttribute":null,"Payload":{"QuestionText":"From your perspective, how much responsibility did <b>DRS. [professor] ACTUALLY<\/b> have for your learning in this class?","DefaultChoices":false,"DataExportTag":"actualprof","QuestionType":"Slider","Selector":"HSLIDER","DataVisibility":{"Private":false,"Hidden":false},"Configuration":{"QuestionDescriptionOption":"UseText","CSSliderMin":0,"CSSliderMax":100,"GridLines":10,"SnapToGrid":false,"NumDecimals":"0","ShowValue":true,"CustomStart":true,"SliderStartPositions":{"18":0},"NotApplicable":false,"CenterLabels":true,"MobileFirst":true},"QuestionDescription":"From your perspective, how much responsibility did DRS. [professor] ACTUALLY have for your learni...","Choices":{"18":{"Display":"&nbsp;"}},"ChoiceOrder":["18"],"Validation":{"Settings":{"ForceResponse":"RequestResponse","ForceResponseType":"RequestResponse","Type":"None"}},"GradingData":[],"Language":[],"NextChoiceId":19,"NextAnswerId":6,"Labels":{"1":{"Display":"None at all"},"2":{"Display":"A little"},"3":{"Display":"A moderate amount"},"4":{"Display":"A lot"},"5":{"Display":"A great deal"}},"QuestionID":"QID17"}},{"SurveyID":"SV_1YYzwhI5hFAReLz","Element":"SQ","PrimaryAttribute":"QID22","SecondaryAttribute":"From your perspective, how much responsibility did YOU have for your own learning in this class r...","TertiaryAttribute":null,"Payload":{"QuestionText":"From your perspective, how much responsibility did YOU have for your own learning in this class <b>relative to<\/b> YOUR INSTRUCTOR in this class?","DefaultChoices":false,"DataExportTag":"relativeteacher","QuestionType":"Slider","Selector":"HSLIDER","DataVisibility":{"Private":false,"Hidden":false},"Configuration":{"QuestionDescriptionOption":"UseText","CSSliderMin":0,"CSSliderMax":100,"GridLines":10,"SnapToGrid":false,"NumDecimals":"0","ShowValue":true,"CustomStart":true,"SliderStartPositions":{"1":0},"NotApplicable":false,"CenterLabels":true,"MobileFirst":true},"QuestionDescription":"From your perspective, how much responsibility did YOU have for your own learning in this class r...","Choices":{"1":{"Display":""}},"ChoiceOrder":["1"],"Validation":{"Settings":{"ForceResponse":"RequestResponse","ForceResponseType":"RequestResponse","Type":"None"}},"GradingData":[],"Language":[],"NextChoiceId":2,"NextAnswerId":18,"Labels":{"13":{"Display":"Most Teacher Responsibility"},"14":{"Display":"More Teacher Responsibility"},"15":{"Display":"Equal Student & Teacher"},"16":{"Display":"More Student Responsibility"},"17":{"Display":"Most Student Responsibility"}},"QuestionID":"QID22"}},{"SurveyID":"SV_1YYzwhI5hFAReLz","Element":"SQ","PrimaryAttribute":"QID16","SecondaryAttribute":"From your perspective, how much responsibility did\u00a0YOU\u00a0ACTUALLY\u00a0have for your own learning in thi","TertiaryAttribute":null,"Payload":{"QuestionText":"From your perspective, how much responsibility did&nbsp;<b>YOU&nbsp;ACTUALLY<\/b>&nbsp;have for your own learning in this class?","DefaultChoices":false,"DataExportTag":"actualStudent","QuestionType":"Slider","Selector":"HSLIDER","DataVisibility":{"Private":false,"Hidden":false},"Configuration":{"QuestionDescriptionOption":"UseText","CSSliderMin":0,"CSSliderMax":100,"GridLines":10,"SnapToGrid":false,"NumDecimals":"0","ShowValue":true,"CustomStart":true,"SliderStartPositions":{"1":0},"NotApplicable":false,"CenterLabels":true,"MobileFirst":true},"QuestionDescription":"From your perspective, how much responsibility did\u00a0YOU\u00a0ACTUALLY\u00a0have for your own learning in thi...","Choices":{"1":{"Display":""}},"ChoiceOrder":["1"],"Validation":{"Settings":{"ForceResponse":"RequestResponse","ForceResponseType":"RequestResponse","Type":"None"}},"GradingData":[],"Language":[],"NextChoiceId":2,"NextAnswerId":18,"Labels":{"13":{"Display":"None at all"},"14":{"Display":"A little"},"15":{"Display":"A moderate amount"},"16":{"Display":"A lot"},"17":{"Display":"A great deal"}},"QuestionID":"QID16"}},{"SurveyID":"SV_1YYzwhI5hFAReLz","Element":"SQ","PrimaryAttribute":"QID23","SecondaryAttribute":"From your perspective, how much responsibility do YOU generally\u00a0have for your own learning relati..","TertiaryAttribute":null,"Payload":{"QuestionText":"From your perspective, how much responsibility do YOU <b>generally<\/b>&nbsp;have for your own learning<b> <\/b>relative to<b> <\/b>YOUR INSTRUCTORS in <strong>all your courses<\/strong>?","DefaultChoices":false,"DataExportTag":"allcourses","QuestionType":"Slider","Selector":"HSLIDER","DataVisibility":{"Private":false,"Hidden":false},"Configuration":{"QuestionDescriptionOption":"UseText","CSSliderMin":0,"CSSliderMax":100,"GridLines":10,"SnapToGrid":false,"NumDecimals":"0","ShowValue":true,"CustomStart":true,"SliderStartPositions":{"1":0},"NotApplicable":false,"CenterLabels":true,"MobileFirst":true},"QuestionDescription":"From your perspective, how much responsibility do YOU generally\u00a0have for your own learning relati...","Choices":{"1":{"Display":""}},"ChoiceOrder":["1"],"Validation":{"Settings":{"ForceResponse":"RequestResponse","ForceResponseType":"RequestResponse","Type":"None"}},"GradingData":[],"Language":[],"NextChoiceId":2,"NextAnswerId":18,"Labels":{"13":{"Display":"Most Teacher Responsibility"},"14":{"Display":"More Teacher Responsibility"},"15":{"Display":"Equal Student & Teacher"},"16":{"Display":"More Student Responsibility"},"17":{"Display":"Most Student Responsibility"}},"QuestionID":"QID23"}},{"SurveyID":"SV_1YYzwhI5hFAReLz","Element":"SQ","PrimaryAttribute":"QID57","SecondaryAttribute":"Full name","TertiaryAttribute":null,"Payload":{"QuestionText":"<b>Full name<\/b>","DefaultChoices":false,"DataExportTag":"name","QuestionType":"TE","Selector":"SL","DataVisibility":{"Private":false,"Hidden":false},"Configuration":{"QuestionDescriptionOption":"UseText"},"QuestionDescription":"Full name","Validation":{"Settings":{"ForceResponse":"OFF","ForceResponseType":"ON","Type":"None"}},"GradingData":[],"Language":[],"NextChoiceId":4,"NextAnswerId":1,"SearchSource":{"AllowFreeResponse":"false"},"QuestionID":"QID57"}},{"SurveyID":"SV_1YYzwhI5hFAReLz","Element":"SQ","PrimaryAttribute":"QID29","SecondaryAttribute":"I can always substantially change how intelligent I am.","TertiaryAttribute":null,"Payload":{"QuestionText":"I can always substantially change how intelligent I am.","DataExportTag":"TOI2_4","QuestionType":"MC","Selector":"SAHR","SubSelector":"TX","DataVisibility":{"Private":false,"Hidden":false},"Configuration":{"QuestionDescriptionOption":"UseText","LabelPosition":"BELOW"},"QuestionDescription":"I can always substantially change how intelligent I am.","Choices":{"1":{"Display":"1 - Disagree A Lot"},"2":{"Display":"2 - Disagree"},"3":{"Display":"3 - Disagree Mostly"},"4":{"Display":"4 - Agree Mostly"},"5":{"Display":"5 - Agree"},"6":{"Display":"6 - Agree A Lot"}},"ChoiceOrder":["1","2","3","4","5","6"],"Validation":{"Settings":{"ForceResponse":"RequestResponse","ForceResponseType":"RequestResponse","Type":"None"}},"Language":[],"NextChoiceId":7,"NextAnswerId":1,"QuestionID":"QID29"}},{"SurveyID":"SV_1YYzwhI5hFAReLz","Element":"SQ","PrimaryAttribute":"QID27","SecondaryAttribute":"I can learn new things, but I can't really change how intelligent I am.","TertiaryAttribute":null,"Payload":{"QuestionText":"I can learn new things, but I can't really change how intelligent I am.","DataExportTag":"TOI2_2r","QuestionType":"MC","Selector":"SAHR","SubSelector":"TX","DataVisibility":{"Private":false,"Hidden":false},"Configuration":{"QuestionDescriptionOption":"UseText","LabelPosition":"BELOW"},"QuestionDescription":"I can learn new things, but I can't really change how intelligent I am.","Choices":{"1":{"Display":"1 - Disagree A Lot"},"2":{"Display":"2 - Disagree"},"3":{"Display":"3 - Disagree Mostly"},"4":{"Display":"4 - Agree Mostly"},"5":{"Display":"5 - Agree"},"6":{"Display":"6 - Agree A Lot"}},"ChoiceOrder":["1","2","3","4","5","6"],"Validation":{"Settings":{"ForceResponse":"RequestResponse","ForceResponseType":"RequestResponse","Type":"None"}},"Language":[],"NextChoiceId":7,"NextAnswerId":1,"QuestionID":"QID27"}},{"SurveyID":"SV_1YYzwhI5hFAReLz","Element":"SQ","PrimaryAttribute":"QID53","SecondaryAttribute":"I enjoy talking about [class] course material with my friends outside of class.","TertiaryAttribute":null,"Payload":{"QuestionText":"I enjoy talking about [class] course material with my friends outside of class.","DataExportTag":"courseengage5","QuestionType":"MC","Selector":"SAHR","SubSelector":"TX","DataVisibility":{"Private":false,"Hidden":false},"Configuration":{"QuestionDescriptionOption":"UseText","LabelPosition":"BELOW"},"QuestionDescription":"I enjoy talking about [class] course material with my friends outside of class.","Choices":{"18":{"Display":"Strongly agree"},"19":{"Display":"Somewhat agree"},"20":{"Display":"Neither agree nor disagree"},"21":{"Display":"Somewhat disagree"},"22":{"Display":"Strongly disagree"}},"ChoiceOrder":["18","19","20","21","22"],"Validation":{"Settings":{"ForceResponse":"RequestResponse","ForceResponseType":"RequestResponse","Type":"None"}},"RecodeValues":{"18":"5","19":"4","20":3,"21":"2","22":"1"},"Language":[],"NextChoiceId":23,"NextAnswerId":1,"QuestionID":"QID53"}},{"SurveyID":"SV_1YYzwhI5hFAReLz","Element":"SQ","PrimaryAttribute":"QID59","SecondaryAttribute":"If there's anything else that you would like to share with the teaching team that we did not ask...","TertiaryAttribute":null,"Payload":{"QuestionText":"If there's anything else that you would like to share with the teaching team that we did not ask about, please share them here (optional):","DefaultChoices":false,"DataExportTag":"rando","QuestionType":"TE","Selector":"SL","DataVisibility":{"Private":false,"Hidden":false},"Configuration":{"QuestionDescriptionOption":"UseText"},"QuestionDescription":"If there's anything else that you would like to share with the teaching team that we did not ask...","Validation":{"Settings":{"ForceResponse":"OFF","ForceResponseType":"ON","Type":"None"}},"GradingData":[],"Language":[],"NextChoiceId":4,"NextAnswerId":1,"SearchSource":{"AllowFreeResponse":"false"},"QuestionID":"QID59"}},{"SurveyID":"SV_1YYzwhI5hFAReLz","Element":"SQ","PrimaryAttribute":"QID60","SecondaryAttribute":"In general, how much do you think people can change their intelligence over time? Do you believe...","TertiaryAttribute":null,"Payload":{"QuestionText":"<span style=\"color:#000000;\">In general, how much do you think <b>people can change their intelligence over time<\/b>? Do you believe that people can change their intelligence a lot over time, or that people cannot change their intelligence a lot over time?<\/span><div><span style=\"color:#000000;\"><br><\/span><\/div>","DefaultChoices":false,"DataExportTag":"changeintelli","QuestionType":"Slider","Selector":"HSLIDER","DataVisibility":{"Private":false,"Hidden":false},"Configuration":{"QuestionDescriptionOption":"UseText","CSSliderMin":1,"CSSliderMax":20,"GridLines":10,"SnapToGrid":false,"NumDecimals":"0","ShowValue":true,"CustomStart":true,"SliderStartPositions":{"1":0.6643356643356643775888414893415756523609161376953125},"NotApplicable":false,"CenterLabels":true,"MobileFirst":true},"QuestionDescription":"In general, how much do you think people can change their intelligence over time? Do you believe...","Choices":{"1":{"Display":"Indicate your choice"}},"ChoiceOrder":["1"],"Validation":{"Settings":{"ForceResponse":"RequestResponse","ForceResponseType":"RequestResponse","Type":"None"}},"GradingData":[],"Language":[],"NextChoiceId":11,"NextAnswerId":16,"Labels":{"8":{"Display":"1 = intelligence cannot be changed much over time<br \/>\n&nbsp;"},"14":{"Display":"20 = intelligence can be changed a lot over time<br \/>\n&nbsp;"}},"QuestionID":"QID60"}},{"SurveyID":"SV_1YYzwhI5hFAReLz","Element":"SQ","PrimaryAttribute":"QID9","SecondaryAttribute":"In this course, we care about your learning and your overall well-being, especially now that it i...","TertiaryAttribute":null,"Payload":{"QuestionText":"<div>In this course, we care about your learning and your overall well-being, especially now that it is the end of the semester. The next set of questions will help us understand how you are doing.<\/div>","DefaultChoices":false,"DataExportTag":"wellbeingintro","QuestionType":"DB","Selector":"TB","DataVisibility":{"Private":false,"Hidden":false},"Configuration":{"QuestionDescriptionOption":"UseText"},"QuestionDescription":"In this course, we care about your learning and your overall well-being, especially now that it i...","ChoiceOrder":[],"Validation":{"Settings":{"Type":"None"}},"GradingData":[],"Language":[],"NextChoiceId":4,"NextAnswerId":1,"QuestionID":"QID9"}},{"SurveyID":"SV_1YYzwhI5hFAReLz","Element":"SQ","PrimaryAttribute":"QID52","SecondaryAttribute":"In [class], I enjoy learning new things and get excited about ideas.","TertiaryAttribute":null,"Payload":{"QuestionText":"In [class], I enjoy learning new things and get excited about ideas.","DataExportTag":"courseengage4","QuestionType":"MC","Selector":"SAHR","SubSelector":"TX","DataVisibility":{"Private":false,"Hidden":false},"Configuration":{"QuestionDescriptionOption":"UseText","LabelPosition":"BELOW"},"QuestionDescription":"In [class], I enjoy learning new things and get excited about ideas.","Choices":{"18":{"Display":"Strongly agree"},"19":{"Display":"Somewhat agree"},"20":{"Display":"Neither agree nor disagree"},"21":{"Display":"Somewhat disagree"},"22":{"Display":"Strongly disagree"}},"ChoiceOrder":["18","19","20","21","22"],"Validation":{"Settings":{"ForceResponse":"RequestResponse","ForceResponseType":"RequestResponse","Type":"None"}},"RecodeValues":{"18":"5","19":"4","20":3,"21":"2","22":"1"},"Language":[],"NextChoiceId":23,"NextAnswerId":1,"QuestionID":"QID52"}},{"SurveyID":"SV_1YYzwhI5hFAReLz","Element":"SQ","PrimaryAttribute":"QID50","SecondaryAttribute":"In [class], I have found topics that I am excited and passionate about.","TertiaryAttribute":null,"Payload":{"QuestionText":"In [class], I have found topics that I am excited and passionate about.","DataExportTag":"courseengage2","QuestionType":"MC","Selector":"SAHR","SubSelector":"TX","DataVisibility":{"Private":false,"Hidden":false},"Configuration":{"QuestionDescriptionOption":"UseText","LabelPosition":"BELOW"},"QuestionDescription":"In [class], I have found topics that I am excited and passionate about.","Choices":{"18":{"Display":"Strongly agree"},"19":{"Display":"Somewhat agree"},"20":{"Display":"Neither agree nor disagree"},"21":{"Display":"Somewhat disagree"},"22":{"Display":"Strongly disagree"}},"ChoiceOrder":["18","19","20","21","22"],"Validation":{"Settings":{"ForceResponse":"RequestResponse","ForceResponseType":"RequestResponse","Type":"None"}},"RecodeValues":{"18":"5","19":"4","20":3,"21":"2","22":"1"},"Language":[],"NextChoiceId":23,"NextAnswerId":1,"QuestionID":"QID50"}},{"SurveyID":"SV_1YYzwhI5hFAReLz","Element":"SQ","PrimaryAttribute":"QID66","SecondaryAttribute":"Knowing that this was your grade goal, how satisfied do you anticipate being with your grade in t...","TertiaryAttribute":null,"Payload":{"QuestionText":"Knowing that this was your grade goal, how satisfied do you anticipate being with your grade in the class?","DefaultChoices":false,"DataExportTag":"currentsatisfy","QuestionType":"Matrix","Selector":"Likert","SubSelector":"SingleAnswer","DataVisibility":{"Private":false,"Hidden":false},"Configuration":{"QuestionDescriptionOption":"UseText","TextPosition":"inline","ChoiceColumnWidth":25,"RepeatHeaders":"none","WhiteSpace":"OFF","MobileFirst":true},"QuestionDescription":"Knowing that this was your grade goal, how satisfied do you anticipate being with your grade in t...","Choices":{"14":{"Display":"&nbsp;"}},"ChoiceOrder":["14"],"Validation":{"Settings":{"ForceResponse":"RequestResponse","ForceResponseType":"RequestResponse","Type":"None"}},"GradingData":[],"Language":[],"NextChoiceId":15,"NextAnswerId":22,"Answers":{"15":{"Display":"Extremely satisfied"},"16":{"Display":"Moderately satisfied"},"17":{"Display":"Slightly satisfied"},"18":{"Display":"Neither satisfied nor dissatisfied"},"19":{"Display":"Slightly dissatisfied"},"20":{"Display":"Moderately dissatisfied"},"21":{"Display":"Extremely dissatisfied"}},"AnswerOrder":["15","16","17","18","19","20","21"],"ChoiceDataExportTags":false,"QuestionID":"QID66"}},{"SurveyID":"SV_1YYzwhI5hFAReLz","Element":"SQ","PrimaryAttribute":"QID26","SecondaryAttribute":"My intelligence is something very basic about me that I can't change very much.","TertiaryAttribute":null,"Payload":{"QuestionText":"My intelligence is something very basic about me that I can't change very much.","DataExportTag":"TOI2_1r","QuestionType":"MC","Selector":"SAHR","SubSelector":"TX","DataVisibility":{"Private":false,"Hidden":false},"Configuration":{"QuestionDescriptionOption":"UseText","LabelPosition":"BELOW"},"QuestionDescription":"My intelligence is something very basic about me that I can't change very much.","Choices":{"1":{"Display":"1 - Disagree A Lot"},"2":{"Display":"2 - Disagree"},"3":{"Display":"3 - Disagree Mostly"},"4":{"Display":"4 - Agree Mostly"},"5":{"Display":"5 - Agree"},"6":{"Display":"6 - Agree A Lot"}},"ChoiceOrder":["1","2","3","4","5","6"],"Validation":{"Settings":{"ForceResponse":"RequestResponse","ForceResponseType":"RequestResponse","Type":"None"}},"Language":[],"NextChoiceId":7,"NextAnswerId":1,"QuestionID":"QID26"}},{"SurveyID":"SV_1YYzwhI5hFAReLz","Element":"SQ","PrimaryAttribute":"QID58","SecondaryAttribute":"NetID e.g. ab12","TertiaryAttribute":null,"Payload":{"QuestionText":"<b>NetID <\/b>e.g. ab12","DefaultChoices":false,"DataExportTag":"netid","QuestionType":"TE","Selector":"SL","DataVisibility":{"Private":false,"Hidden":false},"Configuration":{"QuestionDescriptionOption":"UseText"},"QuestionDescription":"NetID e.g. ab12","Validation":{"Settings":{"ForceResponse":"ON","ForceResponseType":"ON","Type":"None"}},"GradingData":[],"Language":[],"NextChoiceId":4,"NextAnswerId":1,"SearchSource":{"AllowFreeResponse":"false"},"QuestionID":"QID58"}},{"SurveyID":"SV_1YYzwhI5hFAReLz","Element":"SQ","PrimaryAttribute":"QID48","SecondaryAttribute":"Next, considering your experiences in [class]\u00a0specifically, please rate your agreement with each...","TertiaryAttribute":null,"Payload":{"QuestionText":"Next, considering your experiences in [class]<u>&nbsp;specifically<\/u>, please rate your agreement with each of the following statements:","DefaultChoices":false,"DataExportTag":"courseengageinstruct","QuestionType":"DB","Selector":"TB","DataVisibility":{"Private":false,"Hidden":false},"Configuration":{"QuestionDescriptionOption":"UseText"},"QuestionDescription":"Next, considering your experiences in [class]\u00a0specifically, please rate your agreement with each...","ChoiceOrder":[],"Validation":{"Settings":{"Type":"None"}},"GradingData":[],"Language":[],"NextChoiceId":1,"NextAnswerId":1,"QuestionID":"QID48"}},{"SurveyID":"SV_1YYzwhI5hFAReLz","Element":"SQ","PrimaryAttribute":"QID28","SecondaryAttribute":"No matter how much intelligence I have, I can always change it quite a bit.","TertiaryAttribute":null,"Payload":{"QuestionText":"No matter how much intelligence I have, I can always change it quite a bit.","DataExportTag":"TOI2_3","QuestionType":"MC","Selector":"SAHR","SubSelector":"TX","DataVisibility":{"Private":false,"Hidden":false},"Configuration":{"QuestionDescriptionOption":"UseText","LabelPosition":"BELOW"},"QuestionDescription":"No matter how much intelligence I have, I can always change it quite a bit.","Choices":{"1":{"Display":"1 - Disagree A Lot"},"2":{"Display":"2 - Disagree"},"3":{"Display":"3 - Disagree Mostly"},"4":{"Display":"4 - Agree Mostly"},"5":{"Display":"5 - Agree"},"6":{"Display":"6 - Agree A Lot"}},"ChoiceOrder":["1","2","3","4","5","6"],"Validation":{"Settings":{"ForceResponse":"RequestResponse","ForceResponseType":"RequestResponse","Type":"None"}},"Language":[],"NextChoiceId":7,"NextAnswerId":1,"QuestionID":"QID28"}},{"SurveyID":"SV_1YYzwhI5hFAReLz","Element":"SQ","PrimaryAttribute":"QID65","SecondaryAttribute":"On the Getting to Know You survey that you completed after the pre-assessment concept survey, you...","TertiaryAttribute":null,"Payload":{"QuestionText":"<div>On the Getting to Know You survey that you completed after the pre-assessment concept survey, you indicated the grade that you hoped to achieve in this course (i.e., the lowest score at which you would feel satisfied).<\/div><div><br><\/div>What grade was that?","DataExportTag":"prevgrade","QuestionType":"MC","Selector":"SAHR","SubSelector":"TX","DataVisibility":{"Private":false,"Hidden":false},"Configuration":{"QuestionDescriptionOption":"UseText","LabelPosition":"BELOW"},"QuestionDescription":"On the Getting to Know You survey that you completed after the pre-assessment concept survey, you...","Choices":{"1":{"Display":"A"},"2":{"Display":"A-"},"3":{"Display":"B+"},"4":{"Display":"B"},"5":{"Display":"B-"},"6":{"Display":"C+"},"7":{"Display":"C"},"8":{"Display":"Other:","TextEntry":"true"}},"ChoiceOrder":["1","2","3","4","5","6","7","8"],"Validation":{"Settings":{"ForceResponse":"RequestResponse","ForceResponseType":"RequestResponse","Type":"None"}},"Language":[],"NextChoiceId":9,"NextAnswerId":1,"QuestionID":"QID65"}},{"SurveyID":"SV_1YYzwhI5hFAReLz","Element":"SQ","PrimaryAttribute":"QID10","SecondaryAttribute":"Please rate how often each of the following descriptions fits your current well-being.","TertiaryAttribute":null,"Payload":{"QuestionText":"<div>Please rate how often each of the following descriptions fits your current well-being.<\/div>","DefaultChoices":false,"DataExportTag":"wellbeing2","QuestionType":"Matrix","Selector":"Likert","SubSelector":"SingleAnswer","DataVisibility":{"Private":false,"Hidden":false},"Configuration":{"QuestionDescriptionOption":"UseText","TextPosition":"inline","ChoiceColumnWidth":25,"RepeatHeaders":"middle","WhiteSpace":"OFF","MobileFirst":true},"QuestionDescription":"Please rate how often each of the following descriptions fits your current well-being.","Choices":{"1":{"Display":"I've been feeling optimistic about the future."},"2":{"Display":"I've been feeling useful."},"3":{"Display":"I've been feeling relaxed."},"4":{"Display":"I've been feeling interested in other people."},"5":{"Display":"I've had energy to spare."},"6":{"Display":"I've been dealing with problems well."},"7":{"Display":"I've been thinking clearly."},"8":{"Display":"I've been feeling good about myself."},"9":{"Display":"I've been feeling close to other people."},"10":{"Display":"I've been confident."},"11":{"Display":"I've been able to make up my own mind about things."},"12":{"Display":"I've been feeling loved."},"13":{"Display":"I've been interested in new things."},"14":{"Display":"I've been feeling cheerful."}},"ChoiceOrder":["1","2","3","4","5","6","7","8","9","10","11","12","13","14"],"Randomization":{"Advanced":null,"Type":"All","TotalRandSubset":""},"Validation":{"Settings":{"ForceResponse":"RequestResponse","ForceResponseType":"RequestResponse","Type":"None"}},"RecodeValues":{"1":"1","2":"2","3":"3","4":"4","5":"5"},"GradingData":[],"Language":[],"NextChoiceId":15,"NextAnswerId":6,"Answers":{"1":{"Display":"None of the time"},"2":{"Display":"Rarely"},"3":{"Display":"Some of the time"},"4":{"Display":"Often"},"5":{"Display":"All of the time"}},"AnswerOrder":["1","2","3","4","5"],"ChoiceDataExportTags":false,"QuestionID":"QID10"}},{"SurveyID":"SV_1YYzwhI5hFAReLz","Element":"SQ","PrimaryAttribute":"QID51","SecondaryAttribute":"Taking [class] is simply a means to fulfilling a course requirement.","TertiaryAttribute":null,"Payload":{"QuestionText":"Taking [class] is simply a means to fulfilling a course requirement.","DataExportTag":"courseengage3","QuestionType":"MC","Selector":"SAHR","SubSelector":"TX","DataVisibility":{"Private":false,"Hidden":false},"Configuration":{"QuestionDescriptionOption":"UseText","LabelPosition":"BELOW"},"QuestionDescription":"Taking [class] is simply a means to fulfilling a course requirement.","Choices":{"18":{"Display":"Strongly agree"},"19":{"Display":"Somewhat agree"},"20":{"Display":"Neither agree nor disagree"},"21":{"Display":"Somewhat disagree"},"22":{"Display":"Strongly disagree"}},"ChoiceOrder":["18","19","20","21","22"],"Validation":{"Settings":{"ForceResponse":"RequestResponse","ForceResponseType":"RequestResponse","Type":"None"}},"RecodeValues":{"18":1,"19":2,"20":3,"21":4,"22":5},"Language":[],"NextChoiceId":23,"NextAnswerId":1,"QuestionID":"QID51"}},{"SurveyID":"SV_1YYzwhI5hFAReLz","Element":"SQ","PrimaryAttribute":"QID56","SecondaryAttribute":"Thank you for completing the survey! Please provide your name and net ID below. This information...","TertiaryAttribute":null,"Payload":{"QuestionText":"<b>Thank you for completing the survey!<\/b><div><br><\/div><div>Please provide your name and net ID below. This information will be used to ensure you receive your bonus points in the event that this survey does not collect your other information automatically.<\/div>","DefaultChoices":false,"DataExportTag":"thanks","QuestionType":"DB","Selector":"TB","DataVisibility":{"Private":false,"Hidden":false},"Configuration":{"QuestionDescriptionOption":"UseText"},"QuestionDescription":"Thank you for completing the survey! Please provide your name and net ID below. This information...","ChoiceOrder":[],"Validation":{"Settings":{"Type":"None"}},"GradingData":[],"Language":[],"NextChoiceId":4,"NextAnswerId":1,"QuestionID":"QID56"}},{"SurveyID":"SV_1YYzwhI5hFAReLz","Element":"SQ","PrimaryAttribute":"QID49","SecondaryAttribute":"The content of [class] truly interests me.","TertiaryAttribute":null,"Payload":{"QuestionText":"The content of [class]&nbsp;truly interests me.","DataExportTag":"courseengage1","QuestionType":"MC","Selector":"SAHR","SubSelector":"TX","DataVisibility":{"Private":false,"Hidden":false},"Configuration":{"QuestionDescriptionOption":"UseText","LabelPosition":"BELOW"},"QuestionDescription":"The content of [class] truly interests me.","Choices":{"18":{"Display":"Strongly agree"},"19":{"Display":"Somewhat agree"},"20":{"Display":"Neither agree nor disagree"},"21":{"Display":"Somewhat disagree"},"22":{"Display":"Strongly disagree"}},"ChoiceOrder":["18","19","20","21","22"],"Validation":{"Settings":{"ForceResponse":"RequestResponse","ForceResponseType":"RequestResponse","Type":"None"}},"RecodeValues":{"18":"5","19":"4","20":3,"21":"2","22":"1"},"Language":[],"NextChoiceId":23,"NextAnswerId":1,"QuestionID":"QID49"}},{"SurveyID":"SV_1YYzwhI5hFAReLz","Element":"SQ","PrimaryAttribute":"QID25","SecondaryAttribute":"This section about intelligence will ask you to rate how much you agree or disagree with several...","TertiaryAttribute":null,"Payload":{"QuestionText":"<div>This section about intelligence will ask you to rate how much you agree or disagree with several statements.<\/div>","DefaultChoices":false,"DataExportTag":"toiintro","QuestionType":"DB","Selector":"TB","DataVisibility":{"Private":false,"Hidden":false},"Configuration":{"QuestionDescriptionOption":"UseText"},"QuestionDescription":"This section about intelligence will ask you to rate how much you agree or disagree with several...","ChoiceOrder":[],"Validation":{"Settings":{"Type":"None"}},"GradingData":[],"Language":[],"NextChoiceId":1,"NextAnswerId":1,"QuestionID":"QID25"}},{"SurveyID":"SV_1YYzwhI5hFAReLz","Element":"SQ","PrimaryAttribute":"QID47","SecondaryAttribute":"We would now like to ask you questions about the responsibility that your instructor and you indi...","TertiaryAttribute":null,"Payload":{"QuestionText":"We would now like to ask you questions about the responsibility that your instructor and you individually had for your own learning in this class.","DefaultChoices":false,"DataExportTag":"teacherintro","QuestionType":"DB","Selector":"TB","Configuration":{"QuestionDescriptionOption":"UseText"},"QuestionDescription":"We would now like to ask you questions about the responsibility that your instructor and you indi...","ChoiceOrder":[],"Validation":{"Settings":{"Type":"None"}},"GradingData":[],"Language":[],"NextChoiceId":4,"NextAnswerId":1,"QuestionID":"QID47","DataVisibility":{"Private":false,"Hidden":false}}},{"SurveyID":"SV_1YYzwhI5hFAReLz","Element":"SQ","PrimaryAttribute":"QID18","SecondaryAttribute":"We would now like to ask you questions based off what you answered in the Getting to Know You sur...","TertiaryAttribute":null,"Payload":{"QuestionText":"We would now like to ask you questions based off what you answered in the Getting to Know You survey sent out much earlier in the semester.","DefaultChoices":false,"DataExportTag":"previousintro","QuestionType":"DB","Selector":"TB","Configuration":{"QuestionDescriptionOption":"UseText"},"QuestionDescription":"We would now like to ask you questions based off what you answered in the Getting to Know You sur...","ChoiceOrder":[],"Validation":{"Settings":{"Type":"None"}},"GradingData":[],"Language":[],"NextChoiceId":4,"NextAnswerId":1,"QuestionID":"QID18","DataVisibility":{"Private":false,"Hidden":false}}},{"SurveyID":"SV_1YYzwhI5hFAReLz","Element":"SQ","PrimaryAttribute":"QID64","SecondaryAttribute":"What grade do you expect to achieve in this course?\u00a0 Note: This will not impact your real grades...","TertiaryAttribute":null,"Payload":{"QuestionText":"What grade do you expect to achieve in this course?&nbsp;<div><br><\/div><div>Note: This will not impact your real grades at all, and will not be used to evaluate your assignments. We are interested in patterns across the whole class.<\/div>","DataExportTag":"expectgrade","QuestionType":"MC","Selector":"SAHR","SubSelector":"TX","DataVisibility":{"Private":false,"Hidden":false},"Configuration":{"QuestionDescriptionOption":"UseText","LabelPosition":"BELOW"},"QuestionDescription":"What grade do you expect to achieve in this course?\u00a0 Note: This will not impact your real grades...","Choices":{"1":{"Display":"A"},"2":{"Display":"A-"},"3":{"Display":"B+"},"4":{"Display":"B"},"5":{"Display":"B-"},"6":{"Display":"C+"},"7":{"Display":"C"},"8":{"Display":"Other:","TextEntry":"true"},"9":{"Display":"A+"},"10":{"Display":"C-"}},"ChoiceOrder":["9","1","2","3","4","5","6","7","10","8"],"Validation":{"Settings":{"ForceResponse":"ON","ForceResponseType":"ON","Type":"None"}},"Language":[],"NextChoiceId":11,"NextAnswerId":1,"QuestionID":"QID64"}},{"SurveyID":"SV_1YYzwhI5hFAReLz","Element":"SQ","PrimaryAttribute":"QID55","SecondaryAttribute":"[Class] Final Survey \u00a0 Welcome! \u00a0 In order to receive two bonus points on your overall [class] gr.","TertiaryAttribute":null,"Payload":{"QuestionText":"<b>[Class] Final Survey<\/b>\n\n<div>&nbsp;<\/div>\n\n<div>Welcome!<\/div>\n\n<div>&nbsp;<\/div>\n\n<div>In order to receive two bonus points on your overall [class] grade, complete this survey no later than <b>[date]<\/b>&nbsp;at<b>&nbsp;[time]<\/b>.<\/div><div><br><\/div><div>This survey consists of several mini-parts, including course engagement measures, questions about your well-being and perception of intelligence, and evaluation of your initial course goals.<\/div><ul>\n<\/ul>","DefaultChoices":false,"DataExportTag":"instruct","QuestionType":"DB","Selector":"TB","DataVisibility":{"Private":false,"Hidden":false},"Configuration":{"QuestionDescriptionOption":"UseText"},"QuestionDescription":"[Class] Final Survey \u00a0 Welcome! \u00a0 In order to receive two bonus points on your overall [class] gr...","ChoiceOrder":[],"Validation":{"Settings":{"Type":"None"}},"GradingData":[],"Language":[],"NextChoiceId":4,"NextAnswerId":1,"QuestionID":"QID55"}}]}